{
    "name": "codyschool.theme",
    "version": "1.0.0",
    "lockfileVersion": 3,
    "requires": true,
    "packages": {
        "": {
            "name": "codyschool.theme",
            "version": "1.0.0",
            "dependencies": {
                "alpinejs": "^3.12.2"
            },
            "devDependencies": {
                "@types/alpinejs": "^3.7.1"
            }
        },
        "node_modules/.pnpm/@types+alpinejs@3.7.1": {
            "dev": true
        },
        "node_modules/.pnpm/@types+alpinejs@3.7.1/node_modules/@types/alpinejs": {
            "version": "3.7.1",
            "dev": true,
            "license": "MIT",
            "dependencies": {
                "@vue/reactivity": "^3.2.26"
            }
        },
        "node_modules/.pnpm/@types+alpinejs@3.7.1/node_modules/@vue/reactivity": {
            "resolved": "node_modules/.pnpm/@vue+reactivity@3.3.4/node_modules/@vue/reactivity",
            "link": true
        },
        "node_modules/.pnpm/@vue+reactivity@3.1.5": {},
        "node_modules/.pnpm/@vue+reactivity@3.1.5/node_modules/@vue/reactivity": {
            "version": "3.1.5",
            "license": "MIT",
            "dependencies": {
                "@vue/shared": "3.1.5"
            }
        },
        "node_modules/.pnpm/@vue+reactivity@3.1.5/node_modules/@vue/shared": {
            "resolved": "node_modules/.pnpm/@vue+shared@3.1.5/node_modules/@vue/shared",
            "link": true
        },
        "node_modules/.pnpm/@vue+reactivity@3.3.4": {
            "dev": true
        },
        "node_modules/.pnpm/@vue+reactivity@3.3.4/node_modules/@vue/reactivity": {
            "version": "3.3.4",
            "dev": true,
            "license": "MIT",
            "dependencies": {
                "@vue/shared": "3.3.4"
            }
        },
        "node_modules/.pnpm/@vue+reactivity@3.3.4/node_modules/@vue/shared": {
            "resolved": "node_modules/.pnpm/@vue+shared@3.3.4/node_modules/@vue/shared",
            "link": true
        },
        "node_modules/.pnpm/@vue+shared@3.1.5/node_modules/@vue/shared": {
            "version": "3.1.5",
            "license": "MIT"
        },
        "node_modules/.pnpm/@vue+shared@3.3.4/node_modules/@vue/shared": {
            "version": "3.3.4",
            "dev": true,
            "license": "MIT"
        },
        "node_modules/.pnpm/alpinejs@3.12.2": {},
        "node_modules/.pnpm/alpinejs@3.12.2/node_modules/@vue/reactivity": {
            "resolved": "node_modules/.pnpm/@vue+reactivity@3.1.5/node_modules/@vue/reactivity",
            "link": true
        },
        "node_modules/.pnpm/alpinejs@3.12.2/node_modules/alpinejs": {
            "version": "3.12.2",
            "license": "MIT",
            "dependencies": {
                "@vue/reactivity": "~3.1.1"
            }
        },
        "node_modules/@types/alpinejs": {
            "resolved": "node_modules/.pnpm/@types+alpinejs@3.7.1/node_modules/@types/alpinejs",
            "link": true
        },
        "node_modules/alpinejs": {
            "resolved": "node_modules/.pnpm/alpinejs@3.12.2/node_modules/alpinejs",
            "link": true
        }
    }
}
